
Microsoft Visual Studio Solution File, Format Version 12.00
# Visual Studio Version 16
VisualStudioVersion = 16.0.30114.105
MinimumVisualStudioVersion = 10.0.40219.1
Project("{FAE04EC0-301F-11D3-BF4B-00C04F79EFBC}") = "ConversorRPTtoCSV", "ConversorRPTtoCSV.csproj", "{7D54C010-480C-48CF-8F6B-389E5E7634C6}"
EndProject
Global
	GlobalSection(SolutionConfigurationPlatforms) = preSolution
		Debug|Any CPU = Debug|Any CPU
		Release|Any CPU = Release|Any CPU
	EndGlobalSection
	GlobalSection(ProjectConfigurationPlatforms) = postSolution
		{7D54C010-480C-48CF-8F6B-389E5E7634C6}.Debug|Any CPU.ActiveCfg = Debug|Any CPU
		{7D54C010-480C-48CF-8F6B-389E5E7634C6}.Debug|Any CPU.Build.0 = Debug|Any CPU
		{7D54C010-480C-48CF-8F6B-389E5E7634C6}.Release|Any CPU.ActiveCfg = Release|Any CPU
		{7D54C010-480C-48CF-8F6B-389E5E7634C6}.Release|Any CPU.Build.0 = Release|Any CPU
	EndGlobalSection
	GlobalSection(SolutionProperties) = preSolution
		HideSolutionNode = FALSE
	EndGlobalSection
	GlobalSection(ExtensibilityGlobals) = postSolution
		SolutionGuid = {733E3B17-3D3E-4446-B998-21EC92C21440}
	EndGlobalSection
EndGlobal
